{
  "name": "@ci-types/cjs",
  "version": "1.0.12",
  "lockfileVersion": 1,
  "requires": true,
  "dependencies": {
    "@ci-types/gjs": {
      "version": "1.0.9",
      "resolved": "https://registry.npmjs.org/@ci-types/gjs/-/gjs-1.0.9.tgz",
      "integrity": "sha512-FpIBqGum85ubadYMybiUbjRGtjzqLkBawQSyeHkxp4nb0EfZfGXM4gvsH1U5UNUXP7mRmqek1Pjf5wLaMBWEmw=="
    }
  }
}
