{
  "name": "@ci-types/cjs",
  "version": "1.0.5",
  "lockfileVersion": 2,
  "requires": true,
  "packages": {
    "": {
      "name": "@ci-types/cjs",
      "version": "1.0.5",
      "license": "MIT",
      "dependencies": {
        "@ci-types/gjs": "^1.0.4"
      }
    },
    "node_modules/@ci-types/gjs": {
      "version": "1.0.4",
      "resolved": "https://registry.npmjs.org/@ci-types/gjs/-/gjs-1.0.4.tgz",
      "integrity": "sha512-vQxUKp2dosKJH5Hr2LGJh+mifuoacqN3Xr9e20Hx/+yjzv+OYKfbmJlUW32HQ88IzmmDERZYoY84HMjWB8FNQg=="
    }
  },
  "dependencies": {
    "@ci-types/gjs": {
      "version": "1.0.4",
      "resolved": "https://registry.npmjs.org/@ci-types/gjs/-/gjs-1.0.4.tgz",
      "integrity": "sha512-vQxUKp2dosKJH5Hr2LGJh+mifuoacqN3Xr9e20Hx/+yjzv+OYKfbmJlUW32HQ88IzmmDERZYoY84HMjWB8FNQg=="
    }
  }
}
