{
  "name": "@ci-types/cjs",
  "version": "1.0.8",
  "lockfileVersion": 2,
  "requires": true,
  "packages": {
    "": {
      "name": "@ci-types/cjs",
      "version": "1.0.8",
      "license": "MIT",
      "dependencies": {
        "@ci-types/gjs": "^1.0.7"
      }
    },
    "node_modules/@ci-types/gjs": {
      "version": "1.0.7",
      "resolved": "https://registry.npmjs.org/@ci-types/gjs/-/gjs-1.0.7.tgz",
      "integrity": "sha512-sldo4+62SxhM1MjrJvAiOitKs5OM1R2JexRksiv1GoLQlGHmY5N5X8eRo9y5AhK2sDUHH9tp2enbJEZCx3M7WA=="
    }
  },
  "dependencies": {
    "@ci-types/gjs": {
      "version": "1.0.7",
      "resolved": "https://registry.npmjs.org/@ci-types/gjs/-/gjs-1.0.7.tgz",
      "integrity": "sha512-sldo4+62SxhM1MjrJvAiOitKs5OM1R2JexRksiv1GoLQlGHmY5N5X8eRo9y5AhK2sDUHH9tp2enbJEZCx3M7WA=="
    }
  }
}
